
Microsoft Visual Studio Solution File, Format Version 12.00
# Visual Studio 15
VisualStudioVersion = 15.0.28010.2041
MinimumVisualStudioVersion = 10.0.40219.1
Project("{FAE04EC0-301F-11D3-BF4B-00C04F79EFBC}") = "Epam.Task7.BLL", "Epam.Task7.BLL\Epam.Task7.BLL.csproj", "{D1D9E634-17B1-44DA-8064-355BBCA3AE45}"
EndProject
Project("{2150E333-8FDC-42A3-9474-1A3956D46DE8}") = "BLL", "BLL", "{89EFB5D8-CCD8-481E-8538-012E96B7BFCC}"
EndProject
Project("{2150E333-8FDC-42A3-9474-1A3956D46DE8}") = "PL", "PL", "{C974E775-C68C-4BCD-A1EE-743B2373622C}"
EndProject
Project("{2150E333-8FDC-42A3-9474-1A3956D46DE8}") = "DAL", "DAL", "{743EE06A-1BE0-40CE-9D6B-A63E679269C3}"
EndProject
Project("{FAE04EC0-301F-11D3-BF4B-00C04F79EFBC}") = "Epam.Task7.DAL", "Epam.Task7.DAL\Epam.Task7.DAL.csproj", "{FE857C48-1113-4CC8-A64D-757E1CE64839}"
EndProject
Project("{FAE04EC0-301F-11D3-BF4B-00C04F79EFBC}") = "Epam.Task7.DAL.Interface", "Epam.Task7.DAL.Interface\Epam.Task7.DAL.Interface.csproj", "{8A720130-CC6C-4601-9846-1E8D53F1C344}"
EndProject
Project("{FAE04EC0-301F-11D3-BF4B-00C04F79EFBC}") = "Epam.Task7.ConsolePL", "Epam.Task7.ConsolePL\Epam.Task7.ConsolePL.csproj", "{6D0BC45E-9CC5-4814-A4E6-5D72AF7956F8}"
EndProject
Project("{2150E333-8FDC-42A3-9474-1A3956D46DE8}") = "Entities", "Entities", "{4D57135B-B169-41F7-9BC5-B936C1C3E83C}"
EndProject
Project("{FAE04EC0-301F-11D3-BF4B-00C04F79EFBC}") = "Epam.Task7.Entities", "Epam.Task7.Entities\Epam.Task7.Entities.csproj", "{F3285872-93BF-458B-90FF-77AACA7D3DEA}"
EndProject
Project("{FAE04EC0-301F-11D3-BF4B-00C04F79EFBC}") = "Epam.Task7.Common", "Epam.Task7.Common\Epam.Task7.Common.csproj", "{0004D99D-8624-461F-AFEC-FFAD7325C8B9}"
EndProject
Project("{FAE04EC0-301F-11D3-BF4B-00C04F79EFBC}") = "Epam.Task7.BLL.Interface", "Epam.Task7.BLL.Interface\Epam.Task7.BLL.Interface.csproj", "{AEEECB27-1CFA-45BF-9631-08194BC2F052}"
EndProject
Project("{FAE04EC0-301F-11D3-BF4B-00C04F79EFBC}") = "Epam.Task11_12.WebPL", "Epam.Task11_12.WebPL\Epam.Task11_12.WebPL.csproj", "{4CF894D2-2C5F-49AC-A908-3A6643839CFF}"
EndProject
Global
	GlobalSection(SolutionConfigurationPlatforms) = preSolution
		Debug|Any CPU = Debug|Any CPU
		Release|Any CPU = Release|Any CPU
	EndGlobalSection
	GlobalSection(ProjectConfigurationPlatforms) = postSolution
		{D1D9E634-17B1-44DA-8064-355BBCA3AE45}.Debug|Any CPU.ActiveCfg = Debug|Any CPU
		{D1D9E634-17B1-44DA-8064-355BBCA3AE45}.Debug|Any CPU.Build.0 = Debug|Any CPU
		{D1D9E634-17B1-44DA-8064-355BBCA3AE45}.Release|Any CPU.ActiveCfg = Release|Any CPU
		{D1D9E634-17B1-44DA-8064-355BBCA3AE45}.Release|Any CPU.Build.0 = Release|Any CPU
		{FE857C48-1113-4CC8-A64D-757E1CE64839}.Debug|Any CPU.ActiveCfg = Debug|Any CPU
		{FE857C48-1113-4CC8-A64D-757E1CE64839}.Debug|Any CPU.Build.0 = Debug|Any CPU
		{FE857C48-1113-4CC8-A64D-757E1CE64839}.Release|Any CPU.ActiveCfg = Release|Any CPU
		{FE857C48-1113-4CC8-A64D-757E1CE64839}.Release|Any CPU.Build.0 = Release|Any CPU
		{8A720130-CC6C-4601-9846-1E8D53F1C344}.Debug|Any CPU.ActiveCfg = Debug|Any CPU
		{8A720130-CC6C-4601-9846-1E8D53F1C344}.Debug|Any CPU.Build.0 = Debug|Any CPU
		{8A720130-CC6C-4601-9846-1E8D53F1C344}.Release|Any CPU.ActiveCfg = Release|Any CPU
		{8A720130-CC6C-4601-9846-1E8D53F1C344}.Release|Any CPU.Build.0 = Release|Any CPU
		{6D0BC45E-9CC5-4814-A4E6-5D72AF7956F8}.Debug|Any CPU.ActiveCfg = Debug|Any CPU
		{6D0BC45E-9CC5-4814-A4E6-5D72AF7956F8}.Debug|Any CPU.Build.0 = Debug|Any CPU
		{6D0BC45E-9CC5-4814-A4E6-5D72AF7956F8}.Release|Any CPU.ActiveCfg = Release|Any CPU
		{6D0BC45E-9CC5-4814-A4E6-5D72AF7956F8}.Release|Any CPU.Build.0 = Release|Any CPU
		{F3285872-93BF-458B-90FF-77AACA7D3DEA}.Debug|Any CPU.ActiveCfg = Debug|Any CPU
		{F3285872-93BF-458B-90FF-77AACA7D3DEA}.Debug|Any CPU.Build.0 = Debug|Any CPU
		{F3285872-93BF-458B-90FF-77AACA7D3DEA}.Release|Any CPU.ActiveCfg = Release|Any CPU
		{F3285872-93BF-458B-90FF-77AACA7D3DEA}.Release|Any CPU.Build.0 = Release|Any CPU
		{0004D99D-8624-461F-AFEC-FFAD7325C8B9}.Debug|Any CPU.ActiveCfg = Debug|Any CPU
		{0004D99D-8624-461F-AFEC-FFAD7325C8B9}.Debug|Any CPU.Build.0 = Debug|Any CPU
		{0004D99D-8624-461F-AFEC-FFAD7325C8B9}.Release|Any CPU.ActiveCfg = Release|Any CPU
		{0004D99D-8624-461F-AFEC-FFAD7325C8B9}.Release|Any CPU.Build.0 = Release|Any CPU
		{AEEECB27-1CFA-45BF-9631-08194BC2F052}.Debug|Any CPU.ActiveCfg = Debug|Any CPU
		{AEEECB27-1CFA-45BF-9631-08194BC2F052}.Debug|Any CPU.Build.0 = Debug|Any CPU
		{AEEECB27-1CFA-45BF-9631-08194BC2F052}.Release|Any CPU.ActiveCfg = Release|Any CPU
		{AEEECB27-1CFA-45BF-9631-08194BC2F052}.Release|Any CPU.Build.0 = Release|Any CPU
		{4CF894D2-2C5F-49AC-A908-3A6643839CFF}.Debug|Any CPU.ActiveCfg = Debug|Any CPU
		{4CF894D2-2C5F-49AC-A908-3A6643839CFF}.Debug|Any CPU.Build.0 = Debug|Any CPU
		{4CF894D2-2C5F-49AC-A908-3A6643839CFF}.Release|Any CPU.ActiveCfg = Release|Any CPU
		{4CF894D2-2C5F-49AC-A908-3A6643839CFF}.Release|Any CPU.Build.0 = Release|Any CPU
	EndGlobalSection
	GlobalSection(SolutionProperties) = preSolution
		HideSolutionNode = FALSE
	EndGlobalSection
	GlobalSection(NestedProjects) = preSolution
		{D1D9E634-17B1-44DA-8064-355BBCA3AE45} = {89EFB5D8-CCD8-481E-8538-012E96B7BFCC}
		{FE857C48-1113-4CC8-A64D-757E1CE64839} = {743EE06A-1BE0-40CE-9D6B-A63E679269C3}
		{8A720130-CC6C-4601-9846-1E8D53F1C344} = {743EE06A-1BE0-40CE-9D6B-A63E679269C3}
		{6D0BC45E-9CC5-4814-A4E6-5D72AF7956F8} = {C974E775-C68C-4BCD-A1EE-743B2373622C}
		{F3285872-93BF-458B-90FF-77AACA7D3DEA} = {4D57135B-B169-41F7-9BC5-B936C1C3E83C}
		{0004D99D-8624-461F-AFEC-FFAD7325C8B9} = {4D57135B-B169-41F7-9BC5-B936C1C3E83C}
		{AEEECB27-1CFA-45BF-9631-08194BC2F052} = {89EFB5D8-CCD8-481E-8538-012E96B7BFCC}
		{4CF894D2-2C5F-49AC-A908-3A6643839CFF} = {C974E775-C68C-4BCD-A1EE-743B2373622C}
	EndGlobalSection
	GlobalSection(ExtensibilityGlobals) = postSolution
		SolutionGuid = {E80C93DA-ECD6-42D0-BBF4-4511C0CFDB0A}
	EndGlobalSection
EndGlobal
